
Microsoft Visual Studio Solution File, Format Version 12.00
# Visual Studio 2017
Project("{FAE04EC0-301F-11D3-BF4B-00C04F79EFBC}") = "TP2Good", "TP2Good.csproj", "{58114CAF-67AE-5B00-16D3-20D85C8E0C61}"
EndProject
Global
	GlobalSection(SolutionConfigurationPlatforms) = preSolution
		Debug|Any CPU = Debug|Any CPU
		Release|Any CPU = Release|Any CPU
	EndGlobalSection
	GlobalSection(ProjectConfigurationPlatforms) = postSolution
		{58114CAF-67AE-5B00-16D3-20D85C8E0C61}.Debug|Any CPU.ActiveCfg = Debug|Any CPU
		{58114CAF-67AE-5B00-16D3-20D85C8E0C61}.Debug|Any CPU.Build.0 = Debug|Any CPU
		{58114CAF-67AE-5B00-16D3-20D85C8E0C61}.Release|Any CPU.ActiveCfg = Release|Any CPU
		{58114CAF-67AE-5B00-16D3-20D85C8E0C61}.Release|Any CPU.Build.0 = Release|Any CPU
	EndGlobalSection
	GlobalSection(SolutionProperties) = preSolution
		HideSolutionNode = FALSE
	EndGlobalSection
EndGlobal
