
Microsoft Visual Studio Solution File, Format Version 12.00
# Visual Studio 2017
Project("{FAE04EC0-301F-11D3-BF4B-00C04F79EFBC}") = "TP2 - Copie", "TP2 - Copie.csproj", "{8EC4F353-82E2-781D-72E0-2D3D3E7071F1}"
EndProject
Global
	GlobalSection(SolutionConfigurationPlatforms) = preSolution
		Debug|Any CPU = Debug|Any CPU
		Release|Any CPU = Release|Any CPU
	EndGlobalSection
	GlobalSection(ProjectConfigurationPlatforms) = postSolution
		{8EC4F353-82E2-781D-72E0-2D3D3E7071F1}.Debug|Any CPU.ActiveCfg = Debug|Any CPU
		{8EC4F353-82E2-781D-72E0-2D3D3E7071F1}.Debug|Any CPU.Build.0 = Debug|Any CPU
		{8EC4F353-82E2-781D-72E0-2D3D3E7071F1}.Release|Any CPU.ActiveCfg = Release|Any CPU
		{8EC4F353-82E2-781D-72E0-2D3D3E7071F1}.Release|Any CPU.Build.0 = Release|Any CPU
	EndGlobalSection
	GlobalSection(SolutionProperties) = preSolution
		HideSolutionNode = FALSE
	EndGlobalSection
EndGlobal
